<?xml version="1.0" encoding="utf-8"?>
<Project ToolsVersion="4.0" xmlns="http://schemas.microsoft.com/developer/msbuild/2003">
  <ItemGroup>
    <Filter Include="Archivos de origen">
      <UniqueIdentifier>{4FC737F1-C7A5-4376-A066-2A32D752A2FF}</UniqueIdentifier>
      <Extensions>cpp;c;cc;cxx;c++;cppm;ixx;def;odl;idl;hpj;bat;asm;asmx</Extensions>
    </Filter>
    <Filter Include="Archivos de encabezado">
      <UniqueIdentifier>{93995380-89BD-4b04-88EB-625FBE52EBFB}</UniqueIdentifier>
      <Extensions>h;hh;hpp;hxx;h++;hm;inl;inc;ipp;xsd</Extensions>
    </Filter>
    <Filter Include="Archivos de recursos">
      <UniqueIdentifier>{67DA6AB6-F800-4c08-8B7A-83BB121AAD01}</UniqueIdentifier>
      <Extensions>rc;ico;cur;bmp;dlg;rc2;rct;bin;rgs;gif;jpg;jpeg;jpe;resx;tiff;tif;png;wav;mfcribbon-ms</Extensions>
    </Filter>
    <Filter Include="Archivos de origen\Detours">
      <UniqueIdentifier>{6ed5a0a7-cbb6-4f20-a45e-e7fe28144330}</UniqueIdentifier>
    </Filter>
    <Filter Include="Archivos de encabezado\Detours">
      <UniqueIdentifier>{c19a7de1-2ade-4d29-9205-ae444d4b0599}</UniqueIdentifier>
    </Filter>
    <Filter Include="Archivos de origen\ImGui">
      <UniqueIdentifier>{8cde6d99-45a3-4a9d-affd-a8b5a6f5b329}</UniqueIdentifier>
    </Filter>
    <Filter Include="Archivos de encabezado\ImGui">
      <UniqueIdentifier>{066a73d9-7fe4-4ae2-b9d8-c044f1b21f8d}</UniqueIdentifier>
    </Filter>
  </ItemGroup>
  <ItemGroup>
    <ClInclude Include="framework.h">
      <Filter>Archivos de encabezado</Filter>
    </ClInclude>
    <ClInclude Include="pch.h">
      <Filter>Archivos de encabezado</Filter>
    </ClInclude>
    <ClInclude Include="ImGui\imconfig.h">
      <Filter>Archivos de encabezado\ImGui</Filter>
    </ClInclude>
    <ClInclude Include="ImGui\imgui.h">
      <Filter>Archivos de encabezado\ImGui</Filter>
    </ClInclude>
    <ClInclude Include="ImGui\imgui_impl_opengl2.h">
      <Filter>Archivos de encabezado\ImGui</Filter>
    </ClInclude>
    <ClInclude Include="ImGui\imgui_impl_win32.h">
      <Filter>Archivos de encabezado\ImGui</Filter>
    </ClInclude>
    <ClInclude Include="ImGui\imgui_internal.h">
      <Filter>Archivos de encabezado\ImGui</Filter>
    </ClInclude>
    <ClInclude Include="ImGui\imstb_rectpack.h">
      <Filter>Archivos de encabezado\ImGui</Filter>
    </ClInclude>
    <ClInclude Include="ImGui\imstb_textedit.h">
      <Filter>Archivos de encabezado\ImGui</Filter>
    </ClInclude>
    <ClInclude Include="ImGui\imstb_truetype.h">
      <Filter>Archivos de encabezado\ImGui</Filter>
    </ClInclude>
  </ItemGroup>
  <ItemGroup>
    <ClCompile Include="dllmain.cpp">
      <Filter>Archivos de origen</Filter>
    </ClCompile>
    <ClCompile Include="pch.cpp">
      <Filter>Archivos de origen</Filter>
    </ClCompile>
    <ClCompile Include="Detours\creatwth.cpp">
      <Filter>Archivos de origen\Detours</Filter>
    </ClCompile>
    <ClCompile Include="Detours\detours.cpp">
      <Filter>Archivos de origen\Detours</Filter>
    </ClCompile>
    <ClCompile Include="Detours\disasm.cpp">
      <Filter>Archivos de origen\Detours</Filter>
    </ClCompile>
    <ClCompile Include="Detours\disolarm.cpp">
      <Filter>Archivos de origen\Detours</Filter>
    </ClCompile>
    <ClCompile Include="Detours\disolarm64.cpp">
      <Filter>Archivos de origen\Detours</Filter>
    </ClCompile>
    <ClCompile Include="Detours\disolia64.cpp">
      <Filter>Archivos de origen\Detours</Filter>
    </ClCompile>
    <ClCompile Include="Detours\disolx64.cpp">
      <Filter>Archivos de origen\Detours</Filter>
    </ClCompile>
    <ClCompile Include="Detours\disolx86.cpp">
      <Filter>Archivos de origen\Detours</Filter>
    </ClCompile>
    <ClCompile Include="Detours\image.cpp">
      <Filter>Archivos de origen\Detours</Filter>
    </ClCompile>
    <ClCompile Include="Detours\modules.cpp">
      <Filter>Archivos de origen\Detours</Filter>
    </ClCompile>
    <ClCompile Include="ImGui\imgui_widgets.cpp">
      <Filter>Archivos de origen\ImGui</Filter>
    </ClCompile>
    <ClCompile Include="ImGui\imgui.cpp">
      <Filter>Archivos de origen\ImGui</Filter>
    </ClCompile>
    <ClCompile Include="ImGui\imgui_demo.cpp">
      <Filter>Archivos de origen\ImGui</Filter>
    </ClCompile>
    <ClCompile Include="ImGui\imgui_draw.cpp">
      <Filter>Archivos de origen\ImGui</Filter>
    </ClCompile>
    <ClCompile Include="ImGui\imgui_impl_opengl2.cpp">
      <Filter>Archivos de origen\ImGui</Filter>
    </ClCompile>
    <ClCompile Include="ImGui\imgui_impl_win32.cpp">
      <Filter>Archivos de origen\ImGui</Filter>
    </ClCompile>
    <ClCompile Include="ImGui\imgui_tables.cpp">
      <Filter>Archivos de origen\ImGui</Filter>
    </ClCompile>
  </ItemGroup>
</Project>